
Microsoft Visual Studio Solution File, Format Version 12.00
# Visual Studio Version 17
VisualStudioVersion = 17.8.34316.72
MinimumVisualStudioVersion = 10.0.40219.1
Project("{FAE04EC0-301F-11D3-BF4B-00C04F79EFBC}") = "example-popup", "example-popup.csproj", "{0ABA2452-7D8A-4441-85A0-E303DC29DE2D}"
EndProject
Global
	GlobalSection(SolutionConfigurationPlatforms) = preSolution
		Debug|Any CPU = Debug|Any CPU
		Release|Any CPU = Release|Any CPU
	EndGlobalSection
	GlobalSection(ProjectConfigurationPlatforms) = postSolution
		{0ABA2452-7D8A-4441-85A0-E303DC29DE2D}.Debug|Any CPU.ActiveCfg = Debug|Any CPU
		{0ABA2452-7D8A-4441-85A0-E303DC29DE2D}.Debug|Any CPU.Build.0 = Debug|Any CPU
		{0ABA2452-7D8A-4441-85A0-E303DC29DE2D}.Release|Any CPU.ActiveCfg = Release|Any CPU
		{0ABA2452-7D8A-4441-85A0-E303DC29DE2D}.Release|Any CPU.Build.0 = Release|Any CPU
	EndGlobalSection
	GlobalSection(SolutionProperties) = preSolution
		HideSolutionNode = FALSE
	EndGlobalSection
	GlobalSection(ExtensibilityGlobals) = postSolution
		SolutionGuid = {D23E1796-A4C8-4A0A-B6D2-4F3FEE6A93FA}
	EndGlobalSection
EndGlobal
